
Microsoft Visual Studio Solution File, Format Version 12.00
# Visual Studio Version 17
VisualStudioVersion = 17.9.34728.123
MinimumVisualStudioVersion = 10.0.40219.1
Project("{FAE04EC0-301F-11D3-BF4B-00C04F79EFBC}") = "miniword", "miniword.csproj", "{91BB166E-7122-4952-9CB5-29B28D5FDC57}"
EndProject
Global
	GlobalSection(SolutionConfigurationPlatforms) = preSolution
		Debug|Any CPU = Debug|Any CPU
		Release|Any CPU = Release|Any CPU
	EndGlobalSection
	GlobalSection(ProjectConfigurationPlatforms) = postSolution
		{91BB166E-7122-4952-9CB5-29B28D5FDC57}.Debug|Any CPU.ActiveCfg = Debug|Any CPU
		{91BB166E-7122-4952-9CB5-29B28D5FDC57}.Debug|Any CPU.Build.0 = Debug|Any CPU
		{91BB166E-7122-4952-9CB5-29B28D5FDC57}.Release|Any CPU.ActiveCfg = Release|Any CPU
		{91BB166E-7122-4952-9CB5-29B28D5FDC57}.Release|Any CPU.Build.0 = Release|Any CPU
	EndGlobalSection
	GlobalSection(SolutionProperties) = preSolution
		HideSolutionNode = FALSE
	EndGlobalSection
	GlobalSection(ExtensibilityGlobals) = postSolution
		SolutionGuid = {590A314A-637B-436C-995F-B2A370A6EA43}
	EndGlobalSection
EndGlobal
